<?xml version="1.0" encoding="utf-8"?>
<Project ToolsVersion="4.0" xmlns="http://schemas.microsoft.com/developer/msbuild/2003">
  <ItemGroup>
    <Filter Include="源文件">
      <UniqueIdentifier>{4FC737F1-C7A5-4376-A066-2A32D752A2FF}</UniqueIdentifier>
      <Extensions>cpp;c;cc;cxx;def;odl;idl;hpj;bat;asm;asmx</Extensions>
    </Filter>
    <Filter Include="头文件">
      <UniqueIdentifier>{93995380-89BD-4b04-88EB-625FBE52EBFB}</UniqueIdentifier>
      <Extensions>h;hh;hpp;hxx;hm;inl;inc;ipp;xsd</Extensions>
    </Filter>
    <Filter Include="资源文件">
      <UniqueIdentifier>{67DA6AB6-F800-4c08-8B7A-83BB121AAD01}</UniqueIdentifier>
      <Extensions>rc;ico;cur;bmp;dlg;rc2;rct;bin;rgs;gif;jpg;jpeg;jpe;resx;tiff;tif;png;wav;mfcribbon-ms</Extensions>
    </Filter>
    <Filter Include="头文件\game">
      <UniqueIdentifier>{58fd799e-43b1-453a-8830-ddafaee47cf3}</UniqueIdentifier>
    </Filter>
    <Filter Include="源文件\game">
      <UniqueIdentifier>{4bdeae3f-a338-47ee-a371-52632ce580f9}</UniqueIdentifier>
    </Filter>
    <Filter Include="头文件\game\basic">
      <UniqueIdentifier>{268ce09a-7675-487d-baad-cda1a56315d7}</UniqueIdentifier>
    </Filter>
    <Filter Include="源文件\game\basic">
      <UniqueIdentifier>{e5b2efef-4289-4701-bb43-dd551ee8d629}</UniqueIdentifier>
    </Filter>
    <Filter Include="头文件\game\killer">
      <UniqueIdentifier>{2b592b0d-08f6-4975-ae53-7df8bef12ee3}</UniqueIdentifier>
    </Filter>
    <Filter Include="源文件\game\killer">
      <UniqueIdentifier>{1779a977-b7fe-4874-98b2-835dc2812a12}</UniqueIdentifier>
    </Filter>
  </ItemGroup>
  <ItemGroup>
    <ClCompile Include="main.cpp">
      <Filter>源文件</Filter>
    </ClCompile>
    <ClCompile Include="table.cpp">
      <Filter>源文件</Filter>
    </ClCompile>
    <ClCompile Include="ground.cpp">
      <Filter>源文件</Filter>
    </ClCompile>
    <ClCompile Include="card.cpp">
      <Filter>源文件\game\basic</Filter>
    </ClCompile>
    <ClCompile Include="manager.cpp">
      <Filter>源文件\game\basic</Filter>
    </ClCompile>
    <ClCompile Include="killer.cpp">
      <Filter>源文件\game\killer</Filter>
    </ClCompile>
    <ClCompile Include="cs.cpp">
      <Filter>源文件\game\killer</Filter>
    </ClCompile>
    <ClCompile Include="poker.cpp">
      <Filter>源文件\game\basic</Filter>
    </ClCompile>
    <ClCompile Include="se.cpp">
      <Filter>源文件\game\killer</Filter>
    </ClCompile>
    <ClCompile Include="ckc.cpp">
      <Filter>源文件\game\killer</Filter>
    </ClCompile>
    <ClCompile Include="ot.cpp">
      <Filter>源文件\game\killer</Filter>
    </ClCompile>
  </ItemGroup>
  <ItemGroup>
    <ClInclude Include="main.h">
      <Filter>头文件</Filter>
    </ClInclude>
    <ClInclude Include="killer.h">
      <Filter>头文件\game\killer</Filter>
    </ClInclude>
    <ClInclude Include="card.h">
      <Filter>头文件\game\basic</Filter>
    </ClInclude>
    <ClInclude Include="manager.h">
      <Filter>头文件\game\basic</Filter>
    </ClInclude>
    <ClInclude Include="cs.h">
      <Filter>头文件\game\killer</Filter>
    </ClInclude>
    <ClInclude Include="poker.h">
      <Filter>头文件\game\basic</Filter>
    </ClInclude>
    <ClInclude Include="se.h">
      <Filter>头文件\game\killer</Filter>
    </ClInclude>
    <ClInclude Include="ckc.h">
      <Filter>头文件\game\killer</Filter>
    </ClInclude>
    <ClInclude Include="ot.h">
      <Filter>头文件\game\killer</Filter>
    </ClInclude>
  </ItemGroup>
</Project>