<?xml version="1.0" encoding="utf-8"?>
<Project ToolsVersion="4.0" xmlns="http://schemas.microsoft.com/developer/msbuild/2003">
  <ItemGroup>
    <Filter Include="源文件">
      <UniqueIdentifier>{4FC737F1-C7A5-4376-A066-2A32D752A2FF}</UniqueIdentifier>
      <Extensions>cpp;c;cc;cxx;def;odl;idl;hpj;bat;asm;asmx</Extensions>
    </Filter>
    <Filter Include="头文件">
      <UniqueIdentifier>{93995380-89BD-4b04-88EB-625FBE52EBFB}</UniqueIdentifier>
      <Extensions>h;hh;hpp;hxx;hm;inl;inc;ipp;xsd</Extensions>
    </Filter>
    <Filter Include="资源文件">
      <UniqueIdentifier>{67DA6AB6-F800-4c08-8B7A-83BB121AAD01}</UniqueIdentifier>
      <Extensions>rc;ico;cur;bmp;dlg;rc2;rct;bin;rgs;gif;jpg;jpeg;jpe;resx;tiff;tif;png;wav;mfcribbon-ms</Extensions>
    </Filter>
    <Filter Include="头文件\basic">
      <UniqueIdentifier>{0b2c37a7-daeb-4c39-b2bc-52e7a8f786c8}</UniqueIdentifier>
    </Filter>
    <Filter Include="源文件\basic">
      <UniqueIdentifier>{2d94e48d-6abc-459a-b0d2-e464f7395234}</UniqueIdentifier>
    </Filter>
    <Filter Include="头文件\killer">
      <UniqueIdentifier>{03d23aeb-a582-4d87-b7ed-38f6b28f3b50}</UniqueIdentifier>
    </Filter>
    <Filter Include="源文件\killer">
      <UniqueIdentifier>{f9595d73-404e-4519-ae0b-d318d7988659}</UniqueIdentifier>
    </Filter>
    <Filter Include="头文件\skill">
      <UniqueIdentifier>{168bb45c-bf28-41e5-a029-b4756abbecb6}</UniqueIdentifier>
    </Filter>
    <Filter Include="源文件\skill">
      <UniqueIdentifier>{74872097-2f33-45ec-9548-9195ab6a619a}</UniqueIdentifier>
    </Filter>
  </ItemGroup>
  <ItemGroup>
    <ClCompile Include="card.cpp">
      <Filter>源文件\basic</Filter>
    </ClCompile>
    <ClCompile Include="manager.cpp">
      <Filter>源文件\basic</Filter>
    </ClCompile>
    <ClCompile Include="zrs.cpp">
      <Filter>源文件\killer</Filter>
    </ClCompile>
    <ClCompile Include="killer.cpp">
      <Filter>源文件\killer</Filter>
    </ClCompile>
    <ClCompile Include="skill.cpp">
      <Filter>源文件\skill</Filter>
    </ClCompile>
    <ClCompile Include="main.cpp">
      <Filter>源文件</Filter>
    </ClCompile>
    <ClCompile Include="table.cpp">
      <Filter>源文件</Filter>
    </ClCompile>
  </ItemGroup>
  <ItemGroup>
    <ClInclude Include="card.h">
      <Filter>头文件\basic</Filter>
    </ClInclude>
    <ClInclude Include="manager.h">
      <Filter>头文件\basic</Filter>
    </ClInclude>
    <ClInclude Include="zrs.h">
      <Filter>头文件\killer</Filter>
    </ClInclude>
    <ClInclude Include="killer.h">
      <Filter>头文件\killer</Filter>
    </ClInclude>
    <ClInclude Include="skill.h">
      <Filter>头文件\skill</Filter>
    </ClInclude>
    <ClInclude Include="main.h">
      <Filter>头文件</Filter>
    </ClInclude>
  </ItemGroup>
</Project>