<?xml version="1.0" encoding="utf-8"?>
<Project ToolsVersion="4.0" xmlns="http://schemas.microsoft.com/developer/msbuild/2003">
  <ItemGroup>
    <Filter Include="源文件">
      <UniqueIdentifier>{4FC737F1-C7A5-4376-A066-2A32D752A2FF}</UniqueIdentifier>
      <Extensions>cpp;c;cc;cxx;def;odl;idl;hpj;bat;asm;asmx</Extensions>
    </Filter>
    <Filter Include="头文件">
      <UniqueIdentifier>{93995380-89BD-4b04-88EB-625FBE52EBFB}</UniqueIdentifier>
      <Extensions>h;hh;hpp;hxx;hm;inl;inc;ipp;xsd</Extensions>
    </Filter>
    <Filter Include="资源文件">
      <UniqueIdentifier>{67DA6AB6-F800-4c08-8B7A-83BB121AAD01}</UniqueIdentifier>
      <Extensions>rc;ico;cur;bmp;dlg;rc2;rct;bin;rgs;gif;jpg;jpeg;jpe;resx;tiff;tif;png;wav;mfcribbon-ms</Extensions>
    </Filter>
    <Filter Include="头文件\prepare">
      <UniqueIdentifier>{9737c03f-7361-4cf6-9992-bc592b3ba4cb}</UniqueIdentifier>
    </Filter>
    <Filter Include="头文件\game">
      <UniqueIdentifier>{0173da24-ac69-48e1-9b04-013cec0f560e}</UniqueIdentifier>
    </Filter>
    <Filter Include="源文件\game">
      <UniqueIdentifier>{158aa6b9-8722-489c-8c2b-9907c7f9e8f9}</UniqueIdentifier>
    </Filter>
  </ItemGroup>
  <ItemGroup>
    <ClCompile Include="main.cpp">
      <Filter>源文件</Filter>
    </ClCompile>
    <ClCompile Include="table.cpp">
      <Filter>源文件</Filter>
    </ClCompile>
    <ClCompile Include="ground.cpp">
      <Filter>源文件</Filter>
    </ClCompile>
    <ClCompile Include="card.cpp">
      <Filter>源文件\game</Filter>
    </ClCompile>
  </ItemGroup>
  <ItemGroup>
    <ClInclude Include="room.h">
      <Filter>头文件\prepare</Filter>
    </ClInclude>
    <ClInclude Include="user.h">
      <Filter>头文件\prepare</Filter>
    </ClInclude>
    <ClInclude Include="killer.h">
      <Filter>头文件\game</Filter>
    </ClInclude>
    <ClInclude Include="main.h">
      <Filter>头文件</Filter>
    </ClInclude>
    <ClInclude Include="manager.h">
      <Filter>头文件\game</Filter>
    </ClInclude>
    <ClInclude Include="card.h">
      <Filter>头文件\game</Filter>
    </ClInclude>
  </ItemGroup>
</Project>